// !$*UTF8*$!
{
	archiveVersion = 1;
	classes = {
	};
	objectVersion = 54;
	objects = {

/* Begin PBXBuildFile section */
		516A9FCE275920FE00E9B00E /* Assets.xcassets in Resources */ = {isa = PBXBuildFile; fileRef = 516A9FCD275920FE00E9B00E /* Assets.xcassets */; };
		516A9FD1275920FE00E9B00E /* LaunchScreen.storyboard in Resources */ = {isa = PBXBuildFile; fileRef = 516A9FCF275920FE00E9B00E /* LaunchScreen.storyboard */; };
		516AA0282759265300E9B00E /* main.m in Sources */ = {isa = PBXBuildFile; fileRef = 516AA0252759265200E9B00E /* main.m */; };
		516AA0292759265300E9B00E /* AppDelegate.mm in Sources */ = {isa = PBXBuildFile; fileRef = 516AA0272759265200E9B00E /* AppDelegate.mm */; };
		EE0EF0F4BF2EB4CD62AE8B89 /* libPods-AccessCheckoutReactNativeDemo.a in Frameworks */ = {isa = PBXBuildFile; fileRef = 17A06EC850F7474A7B22CCA2 /* libPods-AccessCheckoutReactNativeDemo.a */; };
/* End PBXBuildFile section */

/* Begin PBXFileReference section */
		17A06EC850F7474A7B22CCA2 /* libPods-AccessCheckoutReactNativeDemo.a */ = {isa = PBXFileReference; explicitFileType = archive.ar; includeInIndex = 0; path = "libPods-AccessCheckoutReactNativeDemo.a"; sourceTree = BUILT_PRODUCTS_DIR; };
		184383B0AF84E5B7800564E5 /* Pods-AccessCheckoutReactNativeDemo.debug.xcconfig */ = {isa = PBXFileReference; includeInIndex = 1; lastKnownFileType = text.xcconfig; name = "Pods-AccessCheckoutReactNativeDemo.debug.xcconfig"; path = "Target Support Files/Pods-AccessCheckoutReactNativeDemo/Pods-AccessCheckoutReactNativeDemo.debug.xcconfig"; sourceTree = "<group>"; };
		40CC5FE76B51800672722EBB /* Pods-AccessCheckoutReactNativeDemo.release.xcconfig */ = {isa = PBXFileReference; includeInIndex = 1; lastKnownFileType = text.xcconfig; name = "Pods-AccessCheckoutReactNativeDemo.release.xcconfig"; path = "Target Support Files/Pods-AccessCheckoutReactNativeDemo/Pods-AccessCheckoutReactNativeDemo.release.xcconfig"; sourceTree = "<group>"; };
		516A9FC1275920FA00E9B00E /* AccessCheckoutReactNativeDemo.app */ = {isa = PBXFileReference; explicitFileType = wrapper.application; includeInIndex = 0; path = AccessCheckoutReactNativeDemo.app; sourceTree = BUILT_PRODUCTS_DIR; };
		516A9FCD275920FE00E9B00E /* Assets.xcassets */ = {isa = PBXFileReference; lastKnownFileType = folder.assetcatalog; path = Assets.xcassets; sourceTree = "<group>"; };
		516A9FD0275920FE00E9B00E /* Base */ = {isa = PBXFileReference; lastKnownFileType = file.storyboard; name = Base; path = Base.lproj/LaunchScreen.storyboard; sourceTree = "<group>"; };
		516A9FD2275920FE00E9B00E /* Info.plist */ = {isa = PBXFileReference; lastKnownFileType = text.plist.xml; path = Info.plist; sourceTree = "<group>"; };
		516AA0252759265200E9B00E /* main.m */ = {isa = PBXFileReference; fileEncoding = 4; lastKnownFileType = sourcecode.c.objc; path = main.m; sourceTree = "<group>"; };
		516AA0262759265200E9B00E /* AppDelegate.h */ = {isa = PBXFileReference; fileEncoding = 4; lastKnownFileType = sourcecode.c.h; path = AppDelegate.h; sourceTree = "<group>"; };
		516AA0272759265200E9B00E /* AppDelegate.mm */ = {isa = PBXFileReference; fileEncoding = 4; lastKnownFileType = sourcecode.cpp.objcpp; path = AppDelegate.mm; sourceTree = "<group>"; };
/* End PBXFileReference section */

/* Begin PBXFrameworksBuildPhase section */
		516A9FBE275920FA00E9B00E /* Frameworks */ = {
			isa = PBXFrameworksBuildPhase;
			buildActionMask = 2147483647;
			files = (
				EE0EF0F4BF2EB4CD62AE8B89 /* libPods-AccessCheckoutReactNativeDemo.a in Frameworks */,
			);
			runOnlyForDeploymentPostprocessing = 0;
		};
/* End PBXFrameworksBuildPhase section */

/* Begin PBXGroup section */
		516A9FB8275920FA00E9B00E = {
			isa = PBXGroup;
			children = (
				516A9FC3275920FA00E9B00E /* AccessCheckoutReactNativeDemo */,
				516A9FC2275920FA00E9B00E /* Products */,
				6215D3A0838FFDCC830A4313 /* Pods */,
				B836AA221D7ACAC6D8D593E2 /* Frameworks */,
			);
			sourceTree = "<group>";
		};
		516A9FC2275920FA00E9B00E /* Products */ = {
			isa = PBXGroup;
			children = (
				516A9FC1275920FA00E9B00E /* AccessCheckoutReactNativeDemo.app */,
			);
			name = Products;
			sourceTree = "<group>";
		};
		516A9FC3275920FA00E9B00E /* AccessCheckoutReactNativeDemo */ = {
			isa = PBXGroup;
			children = (
				516AA0262759265200E9B00E /* AppDelegate.h */,
				516AA0272759265200E9B00E /* AppDelegate.mm */,
				516AA0252759265200E9B00E /* main.m */,
				516A9FCD275920FE00E9B00E /* Assets.xcassets */,
				516A9FCF275920FE00E9B00E /* LaunchScreen.storyboard */,
				516A9FD2275920FE00E9B00E /* Info.plist */,
			);
			path = AccessCheckoutReactNativeDemo;
			sourceTree = "<group>";
		};
		6215D3A0838FFDCC830A4313 /* Pods */ = {
			isa = PBXGroup;
			children = (
				184383B0AF84E5B7800564E5 /* Pods-AccessCheckoutReactNativeDemo.debug.xcconfig */,
				40CC5FE76B51800672722EBB /* Pods-AccessCheckoutReactNativeDemo.release.xcconfig */,
			);
			path = Pods;
			sourceTree = "<group>";
		};
		B836AA221D7ACAC6D8D593E2 /* Frameworks */ = {
			isa = PBXGroup;
			children = (
				17A06EC850F7474A7B22CCA2 /* libPods-AccessCheckoutReactNativeDemo.a */,
			);
			name = Frameworks;
			sourceTree = "<group>";
		};
/* End PBXGroup section */

/* Begin PBXNativeTarget section */
		516A9FC0275920FA00E9B00E /* AccessCheckoutReactNativeDemo */ = {
			isa = PBXNativeTarget;
			buildConfigurationList = 516A9FEB275920FF00E9B00E /* Build configuration list for PBXNativeTarget "AccessCheckoutReactNativeDemo" */;
			buildPhases = (
				51D0185CDB78ACE3A5A03161 /* [CP] Check Pods Manifest.lock */,
				516A9FBD275920FA00E9B00E /* Sources */,
				516A9FBE275920FA00E9B00E /* Frameworks */,
				516A9FBF275920FA00E9B00E /* Resources */,
				18D0D6ECB1FF9A7994AB2FC0 /* [CP] Embed Pods Frameworks */,
				D6A83777A4C76B6A6534EE68 /* [CP] Copy Pods Resources */,
			);
			buildRules = (
			);
			dependencies = (
			);
			name = AccessCheckoutReactNativeDemo;
			productName = AccessCheckoutReactNativeDemo;
			productReference = 516A9FC1275920FA00E9B00E /* AccessCheckoutReactNativeDemo.app */;
			productType = "com.apple.product-type.application";
		};
/* End PBXNativeTarget section */

/* Begin PBXProject section */
		516A9FB9275920FA00E9B00E /* Project object */ = {
			isa = PBXProject;
			attributes = {
				LastSwiftUpdateCheck = 1240;
				LastUpgradeCheck = 1240;
				TargetAttributes = {
					516A9FC0275920FA00E9B00E = {
						CreatedOnToolsVersion = 12.4;
					};
				};
			};
			buildConfigurationList = 516A9FBC275920FA00E9B00E /* Build configuration list for PBXProject "AccessCheckoutReactNativeDemo" */;
			compatibilityVersion = "Xcode 9.3";
			developmentRegion = en;
			hasScannedForEncodings = 0;
			knownRegions = (
				en,
				Base,
			);
			mainGroup = 516A9FB8275920FA00E9B00E;
			productRefGroup = 516A9FC2275920FA00E9B00E /* Products */;
			projectDirPath = "";
			projectRoot = "";
			targets = (
				516A9FC0275920FA00E9B00E /* AccessCheckoutReactNativeDemo */,
			);
		};
/* End PBXProject section */

/* Begin PBXResourcesBuildPhase section */
		516A9FBF275920FA00E9B00E /* Resources */ = {
			isa = PBXResourcesBuildPhase;
			buildActionMask = 2147483647;
			files = (
				516A9FD1275920FE00E9B00E /* LaunchScreen.storyboard in Resources */,
				516A9FCE275920FE00E9B00E /* Assets.xcassets in Resources */,
			);
			runOnlyForDeploymentPostprocessing = 0;
		};
/* End PBXResourcesBuildPhase section */

/* Begin PBXShellScriptBuildPhase section */
		18D0D6ECB1FF9A7994AB2FC0 /* [CP] Embed Pods Frameworks */ = {
			isa = PBXShellScriptBuildPhase;
			buildActionMask = 2147483647;
			files = (
			);
			inputFileListPaths = (
				"${PODS_ROOT}/Target Support Files/Pods-AccessCheckoutReactNativeDemo/Pods-AccessCheckoutReactNativeDemo-frameworks-${CONFIGURATION}-input-files.xcfilelist",
			);
			name = "[CP] Embed Pods Frameworks";
			outputFileListPaths = (
				"${PODS_ROOT}/Target Support Files/Pods-AccessCheckoutReactNativeDemo/Pods-AccessCheckoutReactNativeDemo-frameworks-${CONFIGURATION}-output-files.xcfilelist",
			);
			runOnlyForDeploymentPostprocessing = 0;
			shellPath = /bin/sh;
			shellScript = "\"${PODS_ROOT}/Target Support Files/Pods-AccessCheckoutReactNativeDemo/Pods-AccessCheckoutReactNativeDemo-frameworks.sh\"\n";
			showEnvVarsInLog = 0;
		};
		51D0185CDB78ACE3A5A03161 /* [CP] Check Pods Manifest.lock */ = {
			isa = PBXShellScriptBuildPhase;
			buildActionMask = 2147483647;
			files = (
			);
			inputFileListPaths = (
			);
			inputPaths = (
				"${PODS_PODFILE_DIR_PATH}/Podfile.lock",
				"${PODS_ROOT}/Manifest.lock",
			);
			name = "[CP] Check Pods Manifest.lock";
			outputFileListPaths = (
			);
			outputPaths = (
				"$(DERIVED_FILE_DIR)/Pods-AccessCheckoutReactNativeDemo-checkManifestLockResult.txt",
			);
			runOnlyForDeploymentPostprocessing = 0;
			shellPath = /bin/sh;
			shellScript = "diff \"${PODS_PODFILE_DIR_PATH}/Podfile.lock\" \"${PODS_ROOT}/Manifest.lock\" > /dev/null\nif [ $? != 0 ] ; then\n    # print error to STDERR\n    echo \"error: The sandbox is not in sync with the Podfile.lock. Run 'pod install' or update your CocoaPods installation.\" >&2\n    exit 1\nfi\n# This output is used by Xcode 'outputs' to avoid re-running this script phase.\necho \"SUCCESS\" > \"${SCRIPT_OUTPUT_FILE_0}\"\n";
			showEnvVarsInLog = 0;
		};
		D6A83777A4C76B6A6534EE68 /* [CP] Copy Pods Resources */ = {
			isa = PBXShellScriptBuildPhase;
			buildActionMask = 2147483647;
			files = (
			);
			inputFileListPaths = (
				"${PODS_ROOT}/Target Support Files/Pods-AccessCheckoutReactNativeDemo/Pods-AccessCheckoutReactNativeDemo-resources-${CONFIGURATION}-input-files.xcfilelist",
			);
			name = "[CP] Copy Pods Resources";
			outputFileListPaths = (
				"${PODS_ROOT}/Target Support Files/Pods-AccessCheckoutReactNativeDemo/Pods-AccessCheckoutReactNativeDemo-resources-${CONFIGURATION}-output-files.xcfilelist",
			);
			runOnlyForDeploymentPostprocessing = 0;
			shellPath = /bin/sh;
			shellScript = "\"${PODS_ROOT}/Target Support Files/Pods-AccessCheckoutReactNativeDemo/Pods-AccessCheckoutReactNativeDemo-resources.sh\"\n";
			showEnvVarsInLog = 0;
		};
/* End PBXShellScriptBuildPhase section */

/* Begin PBXSourcesBuildPhase section */
		516A9FBD275920FA00E9B00E /* Sources */ = {
			isa = PBXSourcesBuildPhase;
			buildActionMask = 2147483647;
			files = (
				516AA0292759265300E9B00E /* AppDelegate.mm in Sources */,
				516AA0282759265300E9B00E /* main.m in Sources */,
			);
			runOnlyForDeploymentPostprocessing = 0;
		};
/* End PBXSourcesBuildPhase section */

/* Begin PBXVariantGroup section */
		516A9FCF275920FE00E9B00E /* LaunchScreen.storyboard */ = {
			isa = PBXVariantGroup;
			children = (
				516A9FD0275920FE00E9B00E /* Base */,
			);
			name = LaunchScreen.storyboard;
			sourceTree = "<group>";
		};
/* End PBXVariantGroup section */

/* Begin XCBuildConfiguration section */
		516A9FE9275920FF00E9B00E /* Debug */ = {
			isa = XCBuildConfiguration;
			buildSettings = {
				ALWAYS_SEARCH_USER_PATHS = NO;
				CLANG_ANALYZER_NONNULL = YES;
				CLANG_ANALYZER_NUMBER_OBJECT_CONVERSION = YES_AGGRESSIVE;
				CLANG_CXX_LANGUAGE_STANDARD = "c++17";
				CLANG_CXX_LIBRARY = "libc++";
				CLANG_ENABLE_MODULES = YES;
				CLANG_ENABLE_OBJC_ARC = YES;
				CLANG_ENABLE_OBJC_WEAK = YES;
				CLANG_WARN_BLOCK_CAPTURE_AUTORELEASING = YES;
				CLANG_WARN_BOOL_CONVERSION = YES;
				CLANG_WARN_COMMA = YES;
				CLANG_WARN_CONSTANT_CONVERSION = YES;
				CLANG_WARN_DEPRECATED_OBJC_IMPLEMENTATIONS = YES;
				CLANG_WARN_DIRECT_OBJC_ISA_USAGE = YES_ERROR;
				CLANG_WARN_DOCUMENTATION_COMMENTS = YES;
				CLANG_WARN_EMPTY_BODY = YES;
				CLANG_WARN_ENUM_CONVERSION = YES;
				CLANG_WARN_INFINITE_RECURSION = YES;
				CLANG_WARN_INT_CONVERSION = YES;
				CLANG_WARN_NON_LITERAL_NULL_CONVERSION = YES;
				CLANG_WARN_OBJC_IMPLICIT_RETAIN_SELF = YES;
				CLANG_WARN_OBJC_LITERAL_CONVERSION = YES;
				CLANG_WARN_OBJC_ROOT_CLASS = YES_ERROR;
				CLANG_WARN_QUOTED_INCLUDE_IN_FRAMEWORK_HEADER = YES;
				CLANG_WARN_RANGE_LOOP_ANALYSIS = YES;
				CLANG_WARN_STRICT_PROTOTYPES = YES;
				CLANG_WARN_SUSPICIOUS_MOVE = YES;
				CLANG_WARN_UNGUARDED_AVAILABILITY = YES_AGGRESSIVE;
				CLANG_WARN_UNREACHABLE_CODE = YES;
				CLANG_WARN__DUPLICATE_METHOD_MATCH = YES;
				COPY_PHASE_STRIP = NO;
				DEBUG_INFORMATION_FORMAT = dwarf;
				ENABLE_STRICT_OBJC_MSGSEND = YES;
				ENABLE_TESTABILITY = YES;
				"EXCLUDED_ARCHS[sdk=iphonesimulator*]" = i386;
				GCC_C_LANGUAGE_STANDARD = gnu11;
				GCC_DYNAMIC_NO_PIC = NO;
				GCC_NO_COMMON_BLOCKS = YES;
				GCC_OPTIMIZATION_LEVEL = 0;
				GCC_PREPROCESSOR_DEFINITIONS = (
					"DEBUG=1",
					"$(inherited)",
					_LIBCPP_ENABLE_CXX17_REMOVED_UNARY_BINARY_FUNCTION,
				);
				GCC_WARN_64_TO_32_BIT_CONVERSION = YES;
				GCC_WARN_ABOUT_RETURN_TYPE = YES_ERROR;
				GCC_WARN_UNDECLARED_SELECTOR = YES;
				GCC_WARN_UNINITIALIZED_AUTOS = YES_AGGRESSIVE;
				GCC_WARN_UNUSED_FUNCTION = YES;
				GCC_WARN_UNUSED_VARIABLE = YES;
				IPHONEOS_DEPLOYMENT_TARGET = 12.0;
				LD_RUNPATH_SEARCH_PATHS = /usr/lib/swift;
				LIBRARY_SEARCH_PATHS = "$(SDKROOT)/usr/lib/swift";
				MARKETING_VERSION = 1.0;
				MTL_ENABLE_DEBUG_INFO = INCLUDE_SOURCE;
				MTL_FAST_MATH = YES;
				ONLY_ACTIVE_ARCH = YES;
				OTHER_LDFLAGS = (
					"$(inherited)",
					"-Wl",
					"-ld_classic",
				);
				REACT_NATIVE_PATH = "${PODS_ROOT}/../../node_modules/react-native";
				SDKROOT = iphoneos;
				SWIFT_ACTIVE_COMPILATION_CONDITIONS = DEBUG;
				SWIFT_OPTIMIZATION_LEVEL = "-Onone";
			};
			name = Debug;
		};
		516A9FEA275920FF00E9B00E /* Release */ = {
			isa = XCBuildConfiguration;
			buildSettings = {
				ALWAYS_SEARCH_USER_PATHS = NO;
				CLANG_ANALYZER_NONNULL = YES;
				CLANG_ANALYZER_NUMBER_OBJECT_CONVERSION = YES_AGGRESSIVE;
				CLANG_CXX_LANGUAGE_STANDARD = "c++17";
				CLANG_CXX_LIBRARY = "libc++";
				CLANG_ENABLE_MODULES = YES;
				CLANG_ENABLE_OBJC_ARC = YES;
				CLANG_ENABLE_OBJC_WEAK = YES;
				CLANG_WARN_BLOCK_CAPTURE_AUTORELEASING = YES;
				CLANG_WARN_BOOL_CONVERSION = YES;
				CLANG_WARN_COMMA = YES;
				CLANG_WARN_CONSTANT_CONVERSION = YES;
				CLANG_WARN_DEPRECATED_OBJC_IMPLEMENTATIONS = YES;
				CLANG_WARN_DIRECT_OBJC_ISA_USAGE = YES_ERROR;
				CLANG_WARN_DOCUMENTATION_COMMENTS = YES;
				CLANG_WARN_EMPTY_BODY = YES;
				CLANG_WARN_ENUM_CONVERSION = YES;
				CLANG_WARN_INFINITE_RECURSION = YES;
				CLANG_WARN_INT_CONVERSION = YES;
				CLANG_WARN_NON_LITERAL_NULL_CONVERSION = YES;
				CLANG_WARN_OBJC_IMPLICIT_RETAIN_SELF = YES;
				CLANG_WARN_OBJC_LITERAL_CONVERSION = YES;
				CLANG_WARN_OBJC_ROOT_CLASS = YES_ERROR;
				CLANG_WARN_QUOTED_INCLUDE_IN_FRAMEWORK_HEADER = YES;
				CLANG_WARN_RANGE_LOOP_ANALYSIS = YES;
				CLANG_WARN_STRICT_PROTOTYPES = YES;
				CLANG_WARN_SUSPICIOUS_MOVE = YES;
				CLANG_WARN_UNGUARDED_AVAILABILITY = YES_AGGRESSIVE;
				CLANG_WARN_UNREACHABLE_CODE = YES;
				CLANG_WARN__DUPLICATE_METHOD_MATCH = YES;
				COPY_PHASE_STRIP = NO;
				DEBUG_INFORMATION_FORMAT = "dwarf-with-dsym";
				ENABLE_NS_ASSERTIONS = NO;
				ENABLE_STRICT_OBJC_MSGSEND = YES;
				"EXCLUDED_ARCHS[sdk=iphonesimulator*]" = i386;
				GCC_C_LANGUAGE_STANDARD = gnu11;
				GCC_NO_COMMON_BLOCKS = YES;
				GCC_PREPROCESSOR_DEFINITIONS = (
					"$(inherited)",
					_LIBCPP_ENABLE_CXX17_REMOVED_UNARY_BINARY_FUNCTION,
				);
				GCC_WARN_64_TO_32_BIT_CONVERSION = YES;
				GCC_WARN_ABOUT_RETURN_TYPE = YES_ERROR;
				GCC_WARN_UNDECLARED_SELECTOR = YES;
				GCC_WARN_UNINITIALIZED_AUTOS = YES_AGGRESSIVE;
				GCC_WARN_UNUSED_FUNCTION = YES;
				GCC_WARN_UNUSED_VARIABLE = YES;
				IPHONEOS_DEPLOYMENT_TARGET = 12.0;
				LD_RUNPATH_SEARCH_PATHS = /usr/lib/swift;
				LIBRARY_SEARCH_PATHS = "$(SDKROOT)/usr/lib/swift";
				MARKETING_VERSION = 1.0;
				MTL_ENABLE_DEBUG_INFO = NO;
				MTL_FAST_MATH = YES;
				OTHER_LDFLAGS = (
					"$(inherited)",
					"-Wl",
					"-ld_classic",
				);
				REACT_NATIVE_PATH = "${PODS_ROOT}/../../node_modules/react-native";
				SDKROOT = iphoneos;
				SWIFT_COMPILATION_MODE = wholemodule;
				SWIFT_OPTIMIZATION_LEVEL = "-O";
				VALIDATE_PRODUCT = YES;
			};
			name = Release;
		};
		516A9FEC275920FF00E9B00E /* Debug */ = {
			isa = XCBuildConfiguration;
			baseConfigurationReference = 184383B0AF84E5B7800564E5 /* Pods-AccessCheckoutReactNativeDemo.debug.xcconfig */;
			buildSettings = {
				ASSETCATALOG_COMPILER_APPICON_NAME = AppIcon;
				ASSETCATALOG_COMPILER_GLOBAL_ACCENT_COLOR_NAME = AccentColor;
				CODE_SIGN_STYLE = Automatic;
				CURRENT_PROJECT_VERSION = 1;
				DEVELOPMENT_TEAM = K4S6DW85W7;
				INFOPLIST_FILE = AccessCheckoutReactNativeDemo/Info.plist;
				LD_RUNPATH_SEARCH_PATHS = (
					"$(inherited)",
					"@executable_path/Frameworks",
				);
				PRODUCT_BUNDLE_IDENTIFIER = com.worldpay.AccessCheckoutReactNativeDemo;
				PRODUCT_NAME = "$(TARGET_NAME)";
				SWIFT_VERSION = 5.0;
				TARGETED_DEVICE_FAMILY = "1,2";
			};
			name = Debug;
		};
		516A9FED275920FF00E9B00E /* Release */ = {
			isa = XCBuildConfiguration;
			baseConfigurationReference = 40CC5FE76B51800672722EBB /* Pods-AccessCheckoutReactNativeDemo.release.xcconfig */;
			buildSettings = {
				ASSETCATALOG_COMPILER_APPICON_NAME = AppIcon;
				ASSETCATALOG_COMPILER_GLOBAL_ACCENT_COLOR_NAME = AccentColor;
				CODE_SIGN_STYLE = Automatic;
				CURRENT_PROJECT_VERSION = 1;
				DEVELOPMENT_TEAM = K4S6DW85W7;
				INFOPLIST_FILE = AccessCheckoutReactNativeDemo/Info.plist;
				LD_RUNPATH_SEARCH_PATHS = (
					"$(inherited)",
					"@executable_path/Frameworks",
				);
				PRODUCT_BUNDLE_IDENTIFIER = com.worldpay.AccessCheckoutReactNativeDemo;
				PRODUCT_NAME = "$(TARGET_NAME)";
				SWIFT_VERSION = 5.0;
				TARGETED_DEVICE_FAMILY = "1,2";
			};
			name = Release;
		};
/* End XCBuildConfiguration section */

/* Begin XCConfigurationList section */
		516A9FBC275920FA00E9B00E /* Build configuration list for PBXProject "AccessCheckoutReactNativeDemo" */ = {
			isa = XCConfigurationList;
			buildConfigurations = (
				516A9FE9275920FF00E9B00E /* Debug */,
				516A9FEA275920FF00E9B00E /* Release */,
			);
			defaultConfigurationIsVisible = 0;
			defaultConfigurationName = Release;
		};
		516A9FEB275920FF00E9B00E /* Build configuration list for PBXNativeTarget "AccessCheckoutReactNativeDemo" */ = {
			isa = XCConfigurationList;
			buildConfigurations = (
				516A9FEC275920FF00E9B00E /* Debug */,
				516A9FED275920FF00E9B00E /* Release */,
			);
			defaultConfigurationIsVisible = 0;
			defaultConfigurationName = Release;
		};
/* End XCConfigurationList section */
	};
	rootObject = 516A9FB9275920FA00E9B00E /* Project object */;
}
